schema: '2.0'
stages:
  data_ingestion:
    cmd: uv run src/Classifier/pipeline/data_ingestion_pipeline.py
    deps:
    - path: config/config.yaml
      hash: md5
      md5: b646f8f0d22c473e82e473106d2430a8
      size: 592
    - path: src/Classifier/components/data_ingestion.py
      hash: md5
      md5: 463c141741efd57afe5a430bf300331d
      size: 993
    outs:
    - path: artifact/data_ingestion/test
      hash: md5
      md5: e34ce247a4ba4ed441abd36d6f54a4d5.dir
      size: 113168459
      nfiles: 5000
    - path: artifact/data_ingestion/train
      hash: md5
      md5: 34558834f7b1fa308b2497245497180c.dir
      size: 458746917
      nfiles: 20000
  model_training:
    cmd: uv run src/Classifier/pipeline/model_training_pipeline.py
    deps:
    - path: artifact/data_ingestion/train
      hash: md5
      md5: 34558834f7b1fa308b2497245497180c.dir
      size: 458746917
      nfiles: 20000
    - path: config/config.yaml
      hash: md5
      md5: b646f8f0d22c473e82e473106d2430a8
      size: 592
    - path: src/Classifier/components/train.py
      hash: md5
      md5: f2d00626e52e24695ee651b9fe1e3893
      size: 3120
    outs:
    - path: artifact/model/model.pth
      hash: md5
      md5: a639990576ebe6e9da767c033d3dba95
      size: 46848011
    - path: artifact/run_id.txt
      hash: md5
      md5: 528f918a1254b998254b8bf5d5d7a17c
      size: 32
  model_eval:
    cmd: uv run src/Classifier/pipeline/model_eval_pipeline.py
    deps:
    - path: artifact/data_ingestion/test
      hash: md5
      md5: e34ce247a4ba4ed441abd36d6f54a4d5.dir
      size: 113168459
      nfiles: 5000
    - path: artifact/model/model.pth
      hash: md5
      md5: e7e75d37b22313211f45ab7879c272ed
      size: 17202066
    - path: config/config.yaml
      hash: md5
      md5: 11cec452f3cf97e5def2fa5ab8182238
      size: 545
    - path: src/Classifier/components/model_eval.py
      hash: md5
      md5: 9f9071cf998ee329e701026913e56049
      size: 2135
    outs:
    - path: artifact/model_eval/metric.json
      hash: md5
      md5: 4eedeb21be9e1dd729b63f300c9318bc
      size: 85
