schema: '2.0'
stages:
  data_ingestion:
    cmd: uv run src/Classifier/pipeline/data_ingestion_pipeline.py
    deps:
    - path: config/config.yaml
      hash: md5
      md5: b646f8f0d22c473e82e473106d2430a8
      size: 592
    - path: src/Classifier/components/data_ingestion.py
      hash: md5
      md5: 463c141741efd57afe5a430bf300331d
      size: 993
    outs:
    - path: artifact/data_ingestion/test
      hash: md5
      md5: e34ce247a4ba4ed441abd36d6f54a4d5.dir
      size: 113168459
      nfiles: 5000
    - path: artifact/data_ingestion/train
      hash: md5
      md5: 34558834f7b1fa308b2497245497180c.dir
      size: 458746917
      nfiles: 20000
  model_training:
    cmd: uv run src/Classifier/pipeline/model_training_pipeline.py
    deps:
    - path: artifact/data_ingestion/train
      hash: md5
      md5: 34558834f7b1fa308b2497245497180c.dir
      size: 458746917
      nfiles: 20000
    - path: config/config.yaml
      hash: md5
      md5: b646f8f0d22c473e82e473106d2430a8
      size: 592
    - path: src/Classifier/components/train.py
      hash: md5
      md5: cf8657bed5189e081008b496e7f87131
      size: 4434
    outs:
    - path: artifact/model/model.pth
      hash: md5
      md5: 426ba3c075cf6cb05a46805363ffe96e
      size: 44793931
    - path: artifact/run_id.txt
      hash: md5
      md5: f29b035ce13798abad66c2ae18971fef
      size: 32
  model_eval:
    cmd: uv run src/Classifier/pipeline/model_eval_pipeline.py
    deps:
    - path: artifact/data_ingestion/test
      hash: md5
      md5: e34ce247a4ba4ed441abd36d6f54a4d5.dir
      size: 113168459
      nfiles: 5000
    - path: artifact/model/model.pth
      hash: md5
      md5: 426ba3c075cf6cb05a46805363ffe96e
      size: 44793931
    - path: config/config.yaml
      hash: md5
      md5: b646f8f0d22c473e82e473106d2430a8
      size: 592
    - path: src/Classifier/components/model_eval.py
      hash: md5
      md5: 500bec4b6d3d550d9c1b1d0d4ffbc2ad
      size: 2389
    outs:
    - path: artifact/model_eval/metric.json
      hash: md5
      md5: baf5d06728b19b37be1388ee38d107ef
      size: 97
